
Microsoft Visual Studio Solution File, Format Version 12.00
# Visual Studio Version 16
VisualStudioVersion = 16.0.29519.181
MinimumVisualStudioVersion = 10.0.40219.1
Project("{FAE04EC0-301F-11D3-BF4B-00C04F79EFBC}") = "PeerSupport4", "PeerSupport4.csproj", "{2FA80A41-E3CD-46EB-9260-C10870DA7A7B}"
EndProject
Global
	GlobalSection(SolutionConfigurationPlatforms) = preSolution
		Debug|Any CPU = Debug|Any CPU
		Release|Any CPU = Release|Any CPU
	EndGlobalSection
	GlobalSection(ProjectConfigurationPlatforms) = postSolution
		{2FA80A41-E3CD-46EB-9260-C10870DA7A7B}.Debug|Any CPU.ActiveCfg = Debug|Any CPU
		{2FA80A41-E3CD-46EB-9260-C10870DA7A7B}.Debug|Any CPU.Build.0 = Debug|Any CPU
		{2FA80A41-E3CD-46EB-9260-C10870DA7A7B}.Release|Any CPU.ActiveCfg = Release|Any CPU
		{2FA80A41-E3CD-46EB-9260-C10870DA7A7B}.Release|Any CPU.Build.0 = Release|Any CPU
	EndGlobalSection
	GlobalSection(SolutionProperties) = preSolution
		HideSolutionNode = FALSE
	EndGlobalSection
	GlobalSection(ExtensibilityGlobals) = postSolution
		SolutionGuid = {7B50D11E-E7D9-475E-A663-6DFAEA2BB5CD}
	EndGlobalSection
EndGlobal
